
Microsoft Visual Studio Solution File, Format Version 12.00
Project("{FAE04EC0-301F-11D3-BF4B-00C04F79EFBC}") = "ToyRobot", "ToyRobot.csproj", "{7104F4DF-2170-48E3-A645-51AC3E07C0CB}"
EndProject
Global
	GlobalSection(SolutionConfigurationPlatforms) = preSolution
		Debug|Any CPU = Debug|Any CPU
		Release|Any CPU = Release|Any CPU
	EndGlobalSection
	GlobalSection(ProjectConfigurationPlatforms) = postSolution
		{7104F4DF-2170-48E3-A645-51AC3E07C0CB}.Debug|Any CPU.ActiveCfg = Debug|Any CPU
		{7104F4DF-2170-48E3-A645-51AC3E07C0CB}.Debug|Any CPU.Build.0 = Debug|Any CPU
		{7104F4DF-2170-48E3-A645-51AC3E07C0CB}.Release|Any CPU.ActiveCfg = Release|Any CPU
		{7104F4DF-2170-48E3-A645-51AC3E07C0CB}.Release|Any CPU.Build.0 = Release|Any CPU
	EndGlobalSection
EndGlobal
